
Microsoft Visual Studio Solution File, Format Version 12.00
# Visual Studio Version 17
VisualStudioVersion = 17.4.33213.308
MinimumVisualStudioVersion = 10.0.40219.1
Project("{9A19103F-16F7-4668-BE54-9A1E7A4F7556}") = "POE1", "POE1.csproj", "{3003DDDA-B318-4D6C-88F0-2133A16BCEC7}"
EndProject
Project("{FAE04EC0-301F-11D3-BF4B-00C04F79EFBC}") = "DisasterTest", "..\DisasterTest\DisasterTest.csproj", "{7FA8B9D3-E1D5-48B7-AA96-9D5C0330AA7D}"
EndProject
Project("{FAE04EC0-301F-11D3-BF4B-00C04F79EFBC}") = "MathTest", "..\MathTest\MathTest.csproj", "{834953DF-1B40-4AB4-BD1C-57663181A1A3}"
EndProject
Global
	GlobalSection(SolutionConfigurationPlatforms) = preSolution
		Debug|Any CPU = Debug|Any CPU
		Release|Any CPU = Release|Any CPU
	EndGlobalSection
	GlobalSection(ProjectConfigurationPlatforms) = postSolution
		{3003DDDA-B318-4D6C-88F0-2133A16BCEC7}.Debug|Any CPU.ActiveCfg = Debug|Any CPU
		{3003DDDA-B318-4D6C-88F0-2133A16BCEC7}.Debug|Any CPU.Build.0 = Debug|Any CPU
		{3003DDDA-B318-4D6C-88F0-2133A16BCEC7}.Release|Any CPU.ActiveCfg = Release|Any CPU
		{3003DDDA-B318-4D6C-88F0-2133A16BCEC7}.Release|Any CPU.Build.0 = Release|Any CPU
		{7FA8B9D3-E1D5-48B7-AA96-9D5C0330AA7D}.Debug|Any CPU.ActiveCfg = Debug|Any CPU
		{7FA8B9D3-E1D5-48B7-AA96-9D5C0330AA7D}.Debug|Any CPU.Build.0 = Debug|Any CPU
		{7FA8B9D3-E1D5-48B7-AA96-9D5C0330AA7D}.Release|Any CPU.ActiveCfg = Release|Any CPU
		{7FA8B9D3-E1D5-48B7-AA96-9D5C0330AA7D}.Release|Any CPU.Build.0 = Release|Any CPU
		{834953DF-1B40-4AB4-BD1C-57663181A1A3}.Debug|Any CPU.ActiveCfg = Debug|Any CPU
		{834953DF-1B40-4AB4-BD1C-57663181A1A3}.Debug|Any CPU.Build.0 = Debug|Any CPU
		{834953DF-1B40-4AB4-BD1C-57663181A1A3}.Release|Any CPU.ActiveCfg = Release|Any CPU
		{834953DF-1B40-4AB4-BD1C-57663181A1A3}.Release|Any CPU.Build.0 = Release|Any CPU
	EndGlobalSection
	GlobalSection(SolutionProperties) = preSolution
		HideSolutionNode = FALSE
	EndGlobalSection
	GlobalSection(ExtensibilityGlobals) = postSolution
		SolutionGuid = {FEF44186-CDE4-4E22-B12C-E999CD7EE338}
	EndGlobalSection
EndGlobal
